
Microsoft Visual Studio Solution File, Format Version 12.00
# Visual Studio Version 17
VisualStudioVersion = 17.4.33205.214
MinimumVisualStudioVersion = 10.0.40219.1
Project("{FAE04EC0-301F-11D3-BF4B-00C04F79EFBC}") = "Employees.API", "Employees.API\Employees.API.csproj", "{F5B205E7-90CD-4A35-B73B-FE087C705F64}"
EndProject
Global
	GlobalSection(SolutionConfigurationPlatforms) = preSolution
		Debug|Any CPU = Debug|Any CPU
		Release|Any CPU = Release|Any CPU
	EndGlobalSection
	GlobalSection(ProjectConfigurationPlatforms) = postSolution
		{F5B205E7-90CD-4A35-B73B-FE087C705F64}.Debug|Any CPU.ActiveCfg = Debug|Any CPU
		{F5B205E7-90CD-4A35-B73B-FE087C705F64}.Debug|Any CPU.Build.0 = Debug|Any CPU
		{F5B205E7-90CD-4A35-B73B-FE087C705F64}.Release|Any CPU.ActiveCfg = Release|Any CPU
		{F5B205E7-90CD-4A35-B73B-FE087C705F64}.Release|Any CPU.Build.0 = Release|Any CPU
	EndGlobalSection
	GlobalSection(SolutionProperties) = preSolution
		HideSolutionNode = FALSE
	EndGlobalSection
	GlobalSection(ExtensibilityGlobals) = postSolution
		SolutionGuid = {ADEE0D09-1256-488C-A102-49F052A16D58}
	EndGlobalSection
EndGlobal
